
Microsoft Visual Studio Solution File, Format Version 12.00
# Visual Studio Version 17
VisualStudioVersion = 17.5.33530.505
MinimumVisualStudioVersion = 10.0.40219.1
Project("{9A19103F-16F7-4668-BE54-9A1E7A4F7556}") = "RendszerRepo", "RendszerRepo.csproj", "{D2D35860-7501-447C-A5D8-0F98F4F1E946}"
EndProject
Project("{9A19103F-16F7-4668-BE54-9A1E7A4F7556}") = "RendszerRepo.Web", "..\RendszerRepo.Web\RendszerRepo.Web.csproj", "{6C53BA62-09F5-4401-83B0-97609CB3798F}"
EndProject
Project("{9A19103F-16F7-4668-BE54-9A1E7A4F7556}") = "RendszerRepo.Models", "..\RendszerRepo.Models\RendszerRepo.Models.csproj", "{BB61079B-B77A-45D3-B31B-B0AAAB342441}"
EndProject
Global
	GlobalSection(SolutionConfigurationPlatforms) = preSolution
		Debug|Any CPU = Debug|Any CPU
		Release|Any CPU = Release|Any CPU
	EndGlobalSection
	GlobalSection(ProjectConfigurationPlatforms) = postSolution
		{D2D35860-7501-447C-A5D8-0F98F4F1E946}.Debug|Any CPU.ActiveCfg = Debug|Any CPU
		{D2D35860-7501-447C-A5D8-0F98F4F1E946}.Debug|Any CPU.Build.0 = Debug|Any CPU
		{D2D35860-7501-447C-A5D8-0F98F4F1E946}.Release|Any CPU.ActiveCfg = Release|Any CPU
		{D2D35860-7501-447C-A5D8-0F98F4F1E946}.Release|Any CPU.Build.0 = Release|Any CPU
		{6C53BA62-09F5-4401-83B0-97609CB3798F}.Debug|Any CPU.ActiveCfg = Debug|Any CPU
		{6C53BA62-09F5-4401-83B0-97609CB3798F}.Debug|Any CPU.Build.0 = Debug|Any CPU
		{6C53BA62-09F5-4401-83B0-97609CB3798F}.Release|Any CPU.ActiveCfg = Release|Any CPU
		{6C53BA62-09F5-4401-83B0-97609CB3798F}.Release|Any CPU.Build.0 = Release|Any CPU
		{BB61079B-B77A-45D3-B31B-B0AAAB342441}.Debug|Any CPU.ActiveCfg = Debug|Any CPU
		{BB61079B-B77A-45D3-B31B-B0AAAB342441}.Debug|Any CPU.Build.0 = Debug|Any CPU
		{BB61079B-B77A-45D3-B31B-B0AAAB342441}.Release|Any CPU.ActiveCfg = Release|Any CPU
		{BB61079B-B77A-45D3-B31B-B0AAAB342441}.Release|Any CPU.Build.0 = Release|Any CPU
	EndGlobalSection
	GlobalSection(SolutionProperties) = preSolution
		HideSolutionNode = FALSE
	EndGlobalSection
	GlobalSection(ExtensibilityGlobals) = postSolution
		SolutionGuid = {13A88EBB-D04C-4A37-9A06-CD0E926BB60A}
	EndGlobalSection
EndGlobal
